{
  "name": "@npmuserhahaha/medium-common",
  "version": "1.0.7",
  "lockfileVersion": 3,
  "requires": true,
  "packages": {
    "": {
      "name": "@npmuserhahaha/medium-common",
      "version": "1.0.7",
      "license": "ISC",
      "dependencies": {
        "@npmuserhahaha/medium-common": "^1.0.7",
        "zod": "^3.23.8"
      }
    },
    "node_modules/@npmuserhahaha/medium-common": {
      "version": "1.0.7",
      "resolved": "https://registry.npmjs.org/@npmuserhahaha/medium-common/-/medium-common-1.0.7.tgz",
      "integrity": "sha512-UYCZEPke67PkEO83eEjMULyln2+C/jdELl8Xy7BoIRM995AMeZcxkneS0LjpYevgihQ5a6DRG5RPZ4d45OiYbA==",
      "dependencies": {
        "zod": "^3.23.8"
      }
    },
    "node_modules/zod": {
      "version": "3.23.8",
      "resolved": "https://registry.npmjs.org/zod/-/zod-3.23.8.tgz",
      "integrity": "sha512-XBx9AXhXktjUqnepgTiE5flcKIYWi/rme0Eaj+5Y0lftuGBq+jyRu/md4WnuxqgP1ubdpNCsYEYPxrzVHD8d6g==",
      "funding": {
        "url": "https://github.com/sponsors/colinhacks"
      }
    }
  }
}
